PODS:
  - Flutter (1.0.0)
  - gal (1.0.0):
    - Flutter
    - FlutterMacOS
  - image_picker_ios (0.0.1):
    - Flutter
  - path_provider_foundation (0.0.1):
    - Flutter
    - FlutterMacOS
  - purchases_flutter (10.4.1):
    - Flutter
    - PurchasesHybridCommon (= 18.19.0)
  - purchases_ui_flutter (10.4.1):
    - Flutter
    - PurchasesHybridCommonUI (= 18.19.0)
  - PurchasesHybridCommon (18.19.0):
    - RevenueCat (= 5.80.2)
  - PurchasesHybridCommonUI (18.19.0):
    - PurchasesHybridCommon (= 18.19.0)
    - RevenueCatUI (= 5.80.2)
  - RevenueCat (5.80.2)
  - RevenueCatUI (5.80.2):
    - RevenueCat (= 5.80.2)

DEPENDENCIES:
  - Flutter (from `Flutter`)
  - gal (from `.symlinks/plugins/gal/darwin`)
  - image_picker_ios (from `.symlinks/plugins/image_picker_ios/ios`)
  - path_provider_foundation (from `.symlinks/plugins/path_provider_foundation/darwin`)
  - purchases_flutter (from `.symlinks/plugins/purchases_flutter/ios`)
  - purchases_ui_flutter (from `.symlinks/plugins/purchases_ui_flutter/ios`)

SPEC REPOS:
  trunk:
    - PurchasesHybridCommon
    - PurchasesHybridCommonUI
    - RevenueCat
    - RevenueCatUI

EXTERNAL SOURCES:
  Flutter:
    :path: Flutter
  gal:
    :path: ".symlinks/plugins/gal/darwin"
  image_picker_ios:
    :path: ".symlinks/plugins/image_picker_ios/ios"
  path_provider_foundation:
    :path: ".symlinks/plugins/path_provider_foundation/darwin"
  purchases_flutter:
    :path: ".symlinks/plugins/purchases_flutter/ios"
  purchases_ui_flutter:
    :path: ".symlinks/plugins/purchases_ui_flutter/ios"

SPEC CHECKSUMS:
  Flutter: cabc95a1d2626b1b06e7179b784ebcf0c0cde467
  gal: baecd024ebfd13c441269ca7404792a7152fde89
  image_picker_ios: e0ece4aa2a75771a7de3fa735d26d90817041326
  path_provider_foundation: bb55f6dbba17d0dccd6737fe6f7f34fbd0376880
  purchases_flutter: 1bfc08dbcd8f55c6e79dfc055a76fe2081a2b729
  purchases_ui_flutter: 63ddcc72cf0ae40f68da66ff650fad07a68f3913
  PurchasesHybridCommon: 1eb67a6c8997233b35ed9b4eee8205dd8dd92890
  PurchasesHybridCommonUI: e990fdbfdcd607bbb240ac237e7f208b2fb2d893
  RevenueCat: b772273e51fa103a2ecc644439dd54a5dec199f3
  RevenueCatUI: 89a3f81665e6f3e2b70a15403e91683ff0959952

PODFILE CHECKSUM: 3c63482e143d1b91d2d2560aee9fb04ecc74ac7e

COCOAPODS: 1.16.2
